// !$*UTF8*$!
{
	archiveVersion = 1;
	classes = {
	};
	objectVersion = 55;
	objects = {

/* Begin PBXBuildFile section */
		2388C17D28324EDD00DFADAB /* AssessmentMobileEngineerApp.swift in Sources */ = {isa = PBXBuildFile; fileRef = 2388C17C28324EDD00DFADAB /* AssessmentMobileEngineerApp.swift */; };
		2388C17F28324EDD00DFADAB /* ContentView.swift in Sources */ = {isa = PBXBuildFile; fileRef = 2388C17E28324EDD00DFADAB /* ContentView.swift */; };
		2388C18128324EDE00DFADAB /* Assets.xcassets in Resources */ = {isa = PBXBuildFile; fileRef = 2388C18028324EDE00DFADAB /* Assets.xcassets */; };
		2388C18428324EDE00DFADAB /* Preview Assets.xcassets in Resources */ = {isa = PBXBuildFile; fileRef = 2388C18328324EDE00DFADAB /* Preview Assets.xcassets */; };
		2388C18F2832570A00DFADAB /* Data.json in Resources */ = {isa = PBXBuildFile; fileRef = 2388C18E2832570A00DFADAB /* Data.json */; };
		2388C191283277E000DFADAB /* PhotoModel.swift in Sources */ = {isa = PBXBuildFile; fileRef = 2388C190283277E000DFADAB /* PhotoModel.swift */; };
		2388C19428327DD700DFADAB /* Service.swift in Sources */ = {isa = PBXBuildFile; fileRef = 2388C19328327DD700DFADAB /* Service.swift */; };
		2388C196283287B100DFADAB /* PhotoViewModel.swift in Sources */ = {isa = PBXBuildFile; fileRef = 2388C195283287B100DFADAB /* PhotoViewModel.swift */; };
		2388C19828329D9000DFADAB /* WebImageView.swift in Sources */ = {isa = PBXBuildFile; fileRef = 2388C19728329D9000DFADAB /* WebImageView.swift */; };
		2388C19A28329E7500DFADAB /* Extensions.swift in Sources */ = {isa = PBXBuildFile; fileRef = 2388C19928329E7500DFADAB /* Extensions.swift */; };
		D9D446959E94AFF11493BAC4 /* Pods_AssessmentMobileEngineer.framework in Frameworks */ = {isa = PBXBuildFile; fileRef = 0284792E5593846327CC6D4A /* Pods_AssessmentMobileEngineer.framework */; };
/* End PBXBuildFile section */

/* Begin PBXFileReference section */
		0284792E5593846327CC6D4A /* Pods_AssessmentMobileEngineer.framework */ = {isa = PBXFileReference; explicitFileType = wrapper.framework; includeInIndex = 0; path = Pods_AssessmentMobileEngineer.framework; sourceTree = BUILT_PRODUCTS_DIR; };
		2388C17928324EDD00DFADAB /* AssessmentMobileEngineer.app */ = {isa = PBXFileReference; explicitFileType = wrapper.application; includeInIndex = 0; path = AssessmentMobileEngineer.app; sourceTree = BUILT_PRODUCTS_DIR; };
		2388C17C28324EDD00DFADAB /* AssessmentMobileEngineerApp.swift */ = {isa = PBXFileReference; lastKnownFileType = sourcecode.swift; path = AssessmentMobileEngineerApp.swift; sourceTree = "<group>"; };
		2388C17E28324EDD00DFADAB /* ContentView.swift */ = {isa = PBXFileReference; lastKnownFileType = sourcecode.swift; path = ContentView.swift; sourceTree = "<group>"; };
		2388C18028324EDE00DFADAB /* Assets.xcassets */ = {isa = PBXFileReference; lastKnownFileType = folder.assetcatalog; path = Assets.xcassets; sourceTree = "<group>"; };
		2388C18328324EDE00DFADAB /* Preview Assets.xcassets */ = {isa = PBXFileReference; lastKnownFileType = folder.assetcatalog; path = "Preview Assets.xcassets"; sourceTree = "<group>"; };
		2388C18E2832570A00DFADAB /* Data.json */ = {isa = PBXFileReference; lastKnownFileType = text.json; path = Data.json; sourceTree = "<group>"; };
		2388C190283277E000DFADAB /* PhotoModel.swift */ = {isa = PBXFileReference; lastKnownFileType = sourcecode.swift; path = PhotoModel.swift; sourceTree = "<group>"; };
		2388C19328327DD700DFADAB /* Service.swift */ = {isa = PBXFileReference; lastKnownFileType = sourcecode.swift; path = Service.swift; sourceTree = "<group>"; };
		2388C195283287B100DFADAB /* PhotoViewModel.swift */ = {isa = PBXFileReference; lastKnownFileType = sourcecode.swift; path = PhotoViewModel.swift; sourceTree = "<group>"; };
		2388C19728329D9000DFADAB /* WebImageView.swift */ = {isa = PBXFileReference; lastKnownFileType = sourcecode.swift; path = WebImageView.swift; sourceTree = "<group>"; };
		2388C19928329E7500DFADAB /* Extensions.swift */ = {isa = PBXFileReference; lastKnownFileType = sourcecode.swift; path = Extensions.swift; sourceTree = "<group>"; };
		BC1A3D1022217C62D3B78242 /* Pods-AssessmentMobileEngineer.release.xcconfig */ = {isa = PBXFileReference; includeInIndex = 1; lastKnownFileType = text.xcconfig; name = "Pods-AssessmentMobileEngineer.release.xcconfig"; path = "Target Support Files/Pods-AssessmentMobileEngineer/Pods-AssessmentMobileEngineer.release.xcconfig"; sourceTree = "<group>"; };
		E98C54E686866054A58EE0B7 /* Pods-AssessmentMobileEngineer.debug.xcconfig */ = {isa = PBXFileReference; includeInIndex = 1; lastKnownFileType = text.xcconfig; name = "Pods-AssessmentMobileEngineer.debug.xcconfig"; path = "Target Support Files/Pods-AssessmentMobileEngineer/Pods-AssessmentMobileEngineer.debug.xcconfig"; sourceTree = "<group>"; };
/* End PBXFileReference section */

/* Begin PBXFrameworksBuildPhase section */
		2388C17628324EDD00DFADAB /* Frameworks */ = {
			isa = PBXFrameworksBuildPhase;
			buildActionMask = 2147483647;
			files = (
				D9D446959E94AFF11493BAC4 /* Pods_AssessmentMobileEngineer.framework in Frameworks */,
			);
			runOnlyForDeploymentPostprocessing = 0;
		};
/* End PBXFrameworksBuildPhase section */

/* Begin PBXGroup section */
		2388C17028324EDD00DFADAB = {
			isa = PBXGroup;
			children = (
				2388C17B28324EDD00DFADAB /* AssessmentMobileEngineer */,
				2388C17A28324EDD00DFADAB /* Products */,
				26581F04149FF4FEC70812D4 /* Pods */,
				C20E8E1840A0906F2B5581AA /* Frameworks */,
			);
			sourceTree = "<group>";
		};
		2388C17A28324EDD00DFADAB /* Products */ = {
			isa = PBXGroup;
			children = (
				2388C17928324EDD00DFADAB /* AssessmentMobileEngineer.app */,
			);
			name = Products;
			sourceTree = "<group>";
		};
		2388C17B28324EDD00DFADAB /* AssessmentMobileEngineer */ = {
			isa = PBXGroup;
			children = (
				2388C17C28324EDD00DFADAB /* AssessmentMobileEngineerApp.swift */,
				2388C18A283255BB00DFADAB /* Views */,
				2388C18B283255D400DFADAB /* ViewModels */,
				2388C18C283255E100DFADAB /* Models */,
				2388C19228327D5000DFADAB /* Utils */,
				2388C18D283256EA00DFADAB /* Resources */,
				2388C18028324EDE00DFADAB /* Assets.xcassets */,
				2388C18228324EDE00DFADAB /* Preview Content */,
			);
			path = AssessmentMobileEngineer;
			sourceTree = "<group>";
		};
		2388C18228324EDE00DFADAB /* Preview Content */ = {
			isa = PBXGroup;
			children = (
				2388C18328324EDE00DFADAB /* Preview Assets.xcassets */,
			);
			path = "Preview Content";
			sourceTree = "<group>";
		};
		2388C18A283255BB00DFADAB /* Views */ = {
			isa = PBXGroup;
			children = (
				2388C17E28324EDD00DFADAB /* ContentView.swift */,
				2388C19728329D9000DFADAB /* WebImageView.swift */,
			);
			path = Views;
			sourceTree = "<group>";
		};
		2388C18B283255D400DFADAB /* ViewModels */ = {
			isa = PBXGroup;
			children = (
				2388C195283287B100DFADAB /* PhotoViewModel.swift */,
			);
			path = ViewModels;
			sourceTree = "<group>";
		};
		2388C18C283255E100DFADAB /* Models */ = {
			isa = PBXGroup;
			children = (
				2388C190283277E000DFADAB /* PhotoModel.swift */,
			);
			path = Models;
			sourceTree = "<group>";
		};
		2388C18D283256EA00DFADAB /* Resources */ = {
			isa = PBXGroup;
			children = (
				2388C18E2832570A00DFADAB /* Data.json */,
			);
			path = Resources;
			sourceTree = "<group>";
		};
		2388C19228327D5000DFADAB /* Utils */ = {
			isa = PBXGroup;
			children = (
				2388C19328327DD700DFADAB /* Service.swift */,
				2388C19928329E7500DFADAB /* Extensions.swift */,
			);
			path = Utils;
			sourceTree = "<group>";
		};
		26581F04149FF4FEC70812D4 /* Pods */ = {
			isa = PBXGroup;
			children = (
				E98C54E686866054A58EE0B7 /* Pods-AssessmentMobileEngineer.debug.xcconfig */,
				BC1A3D1022217C62D3B78242 /* Pods-AssessmentMobileEngineer.release.xcconfig */,
			);
			path = Pods;
			sourceTree = "<group>";
		};
		C20E8E1840A0906F2B5581AA /* Frameworks */ = {
			isa = PBXGroup;
			children = (
				0284792E5593846327CC6D4A /* Pods_AssessmentMobileEngineer.framework */,
			);
			name = Frameworks;
			sourceTree = "<group>";
		};
/* End PBXGroup section */

/* Begin PBXNativeTarget section */
		2388C17828324EDD00DFADAB /* AssessmentMobileEngineer */ = {
			isa = PBXNativeTarget;
			buildConfigurationList = 2388C18728324EDE00DFADAB /* Build configuration list for PBXNativeTarget "AssessmentMobileEngineer" */;
			buildPhases = (
				C4F99479F66FBEF421359F04 /* [CP] Check Pods Manifest.lock */,
				2388C17528324EDD00DFADAB /* Sources */,
				2388C17628324EDD00DFADAB /* Frameworks */,
				2388C17728324EDD00DFADAB /* Resources */,
				18F91E0A462A3DA8D222FADE /* [CP] Embed Pods Frameworks */,
			);
			buildRules = (
			);
			dependencies = (
			);
			name = AssessmentMobileEngineer;
			productName = AssessmentMobileEngineer;
			productReference = 2388C17928324EDD00DFADAB /* AssessmentMobileEngineer.app */;
			productType = "com.apple.product-type.application";
		};
/* End PBXNativeTarget section */

/* Begin PBXProject section */
		2388C17128324EDD00DFADAB /* Project object */ = {
			isa = PBXProject;
			attributes = {
				BuildIndependentTargetsInParallel = 1;
				LastSwiftUpdateCheck = 1330;
				LastUpgradeCheck = 1330;
				TargetAttributes = {
					2388C17828324EDD00DFADAB = {
						CreatedOnToolsVersion = 13.3.1;
					};
				};
			};
			buildConfigurationList = 2388C17428324EDD00DFADAB /* Build configuration list for PBXProject "AssessmentMobileEngineer" */;
			compatibilityVersion = "Xcode 13.0";
			developmentRegion = en;
			hasScannedForEncodings = 0;
			knownRegions = (
				en,
				Base,
			);
			mainGroup = 2388C17028324EDD00DFADAB;
			productRefGroup = 2388C17A28324EDD00DFADAB /* Products */;
			projectDirPath = "";
			projectRoot = "";
			targets = (
				2388C17828324EDD00DFADAB /* AssessmentMobileEngineer */,
			);
		};
/* End PBXProject section */

/* Begin PBXResourcesBuildPhase section */
		2388C17728324EDD00DFADAB /* Resources */ = {
			isa = PBXResourcesBuildPhase;
			buildActionMask = 2147483647;
			files = (
				2388C18428324EDE00DFADAB /* Preview Assets.xcassets in Resources */,
				2388C18128324EDE00DFADAB /* Assets.xcassets in Resources */,
				2388C18F2832570A00DFADAB /* Data.json in Resources */,
			);
			runOnlyForDeploymentPostprocessing = 0;
		};
/* End PBXResourcesBuildPhase section */

/* Begin PBXShellScriptBuildPhase section */
		18F91E0A462A3DA8D222FADE /* [CP] Embed Pods Frameworks */ = {
			isa = PBXShellScriptBuildPhase;
			buildActionMask = 2147483647;
			files = (
			);
			inputFileListPaths = (
				"${PODS_ROOT}/Target Support Files/Pods-AssessmentMobileEngineer/Pods-AssessmentMobileEngineer-frameworks-${CONFIGURATION}-input-files.xcfilelist",
			);
			name = "[CP] Embed Pods Frameworks";
			outputFileListPaths = (
				"${PODS_ROOT}/Target Support Files/Pods-AssessmentMobileEngineer/Pods-AssessmentMobileEngineer-frameworks-${CONFIGURATION}-output-files.xcfilelist",
			);
			runOnlyForDeploymentPostprocessing = 0;
			shellPath = /bin/sh;
			shellScript = "\"${PODS_ROOT}/Target Support Files/Pods-AssessmentMobileEngineer/Pods-AssessmentMobileEngineer-frameworks.sh\"\n";
			showEnvVarsInLog = 0;
		};
		C4F99479F66FBEF421359F04 /* [CP] Check Pods Manifest.lock */ = {
			isa = PBXShellScriptBuildPhase;
			buildActionMask = 2147483647;
			files = (
			);
			inputFileListPaths = (
			);
			inputPaths = (
				"${PODS_PODFILE_DIR_PATH}/Podfile.lock",
				"${PODS_ROOT}/Manifest.lock",
			);
			name = "[CP] Check Pods Manifest.lock";
			outputFileListPaths = (
			);
			outputPaths = (
				"$(DERIVED_FILE_DIR)/Pods-AssessmentMobileEngineer-checkManifestLockResult.txt",
			);
			runOnlyForDeploymentPostprocessing = 0;
			shellPath = /bin/sh;
			shellScript = "diff \"${PODS_PODFILE_DIR_PATH}/Podfile.lock\" \"${PODS_ROOT}/Manifest.lock\" > /dev/null\nif [ $? != 0 ] ; then\n    # print error to STDERR\n    echo \"error: The sandbox is not in sync with the Podfile.lock. Run 'pod install' or update your CocoaPods installation.\" >&2\n    exit 1\nfi\n# This output is used by Xcode 'outputs' to avoid re-running this script phase.\necho \"SUCCESS\" > \"${SCRIPT_OUTPUT_FILE_0}\"\n";
			showEnvVarsInLog = 0;
		};
/* End PBXShellScriptBuildPhase section */

/* Begin PBXSourcesBuildPhase section */
		2388C17528324EDD00DFADAB /* Sources */ = {
			isa = PBXSourcesBuildPhase;
			buildActionMask = 2147483647;
			files = (
				2388C17F28324EDD00DFADAB /* ContentView.swift in Sources */,
				2388C19828329D9000DFADAB /* WebImageView.swift in Sources */,
				2388C19428327DD700DFADAB /* Service.swift in Sources */,
				2388C17D28324EDD00DFADAB /* AssessmentMobileEngineerApp.swift in Sources */,
				2388C191283277E000DFADAB /* PhotoModel.swift in Sources */,
				2388C196283287B100DFADAB /* PhotoViewModel.swift in Sources */,
				2388C19A28329E7500DFADAB /* Extensions.swift in Sources */,
			);
			runOnlyForDeploymentPostprocessing = 0;
		};
/* End PBXSourcesBuildPhase section */

/* Begin XCBuildConfiguration section */
		2388C18528324EDE00DFADAB /* Debug */ = {
			isa = XCBuildConfiguration;
			buildSettings = {
				ALWAYS_SEARCH_USER_PATHS = NO;
				CLANG_ANALYZER_NONNULL = YES;
				CLANG_ANALYZER_NUMBER_OBJECT_CONVERSION = YES_AGGRESSIVE;
				CLANG_CXX_LANGUAGE_STANDARD = "gnu++17";
				CLANG_ENABLE_MODULES = YES;
				CLANG_ENABLE_OBJC_ARC = YES;
				CLANG_ENABLE_OBJC_WEAK = YES;
				CLANG_WARN_BLOCK_CAPTURE_AUTORELEASING = YES;
				CLANG_WARN_BOOL_CONVERSION = YES;
				CLANG_WARN_COMMA = YES;
				CLANG_WARN_CONSTANT_CONVERSION = YES;
				CLANG_WARN_DEPRECATED_OBJC_IMPLEMENTATIONS = YES;
				CLANG_WARN_DIRECT_OBJC_ISA_USAGE = YES_ERROR;
				CLANG_WARN_DOCUMENTATION_COMMENTS = YES;
				CLANG_WARN_EMPTY_BODY = YES;
				CLANG_WARN_ENUM_CONVERSION = YES;
				CLANG_WARN_INFINITE_RECURSION = YES;
				CLANG_WARN_INT_CONVERSION = YES;
				CLANG_WARN_NON_LITERAL_NULL_CONVERSION = YES;
				CLANG_WARN_OBJC_IMPLICIT_RETAIN_SELF = YES;
				CLANG_WARN_OBJC_LITERAL_CONVERSION = YES;
				CLANG_WARN_OBJC_ROOT_CLASS = YES_ERROR;
				CLANG_WARN_QUOTED_INCLUDE_IN_FRAMEWORK_HEADER = YES;
				CLANG_WARN_RANGE_LOOP_ANALYSIS = YES;
				CLANG_WARN_STRICT_PROTOTYPES = YES;
				CLANG_WARN_SUSPICIOUS_MOVE = YES;
				CLANG_WARN_UNGUARDED_AVAILABILITY = YES_AGGRESSIVE;
				CLANG_WARN_UNREACHABLE_CODE = YES;
				CLANG_WARN__DUPLICATE_METHOD_MATCH = YES;
				COPY_PHASE_STRIP = NO;
				DEBUG_INFORMATION_FORMAT = dwarf;
				ENABLE_STRICT_OBJC_MSGSEND = YES;
				ENABLE_TESTABILITY = YES;
				GCC_C_LANGUAGE_STANDARD = gnu11;
				GCC_DYNAMIC_NO_PIC = NO;
				GCC_NO_COMMON_BLOCKS = YES;
				GCC_OPTIMIZATION_LEVEL = 0;
				GCC_PREPROCESSOR_DEFINITIONS = (
					"DEBUG=1",
					"$(inherited)",
				);
				GCC_WARN_64_TO_32_BIT_CONVERSION = YES;
				GCC_WARN_ABOUT_RETURN_TYPE = YES_ERROR;
				GCC_WARN_UNDECLARED_SELECTOR = YES;
				GCC_WARN_UNINITIALIZED_AUTOS = YES_AGGRESSIVE;
				GCC_WARN_UNUSED_FUNCTION = YES;
				GCC_WARN_UNUSED_VARIABLE = YES;
				IPHONEOS_DEPLOYMENT_TARGET = 15.4;
				MTL_ENABLE_DEBUG_INFO = INCLUDE_SOURCE;
				MTL_FAST_MATH = YES;
				ONLY_ACTIVE_ARCH = YES;
				SDKROOT = iphoneos;
				SWIFT_ACTIVE_COMPILATION_CONDITIONS = DEBUG;
				SWIFT_OPTIMIZATION_LEVEL = "-Onone";
			};
			name = Debug;
		};
		2388C18628324EDE00DFADAB /* Release */ = {
			isa = XCBuildConfiguration;
			buildSettings = {
				ALWAYS_SEARCH_USER_PATHS = NO;
				CLANG_ANALYZER_NONNULL = YES;
				CLANG_ANALYZER_NUMBER_OBJECT_CONVERSION = YES_AGGRESSIVE;
				CLANG_CXX_LANGUAGE_STANDARD = "gnu++17";
				CLANG_ENABLE_MODULES = YES;
				CLANG_ENABLE_OBJC_ARC = YES;
				CLANG_ENABLE_OBJC_WEAK = YES;
				CLANG_WARN_BLOCK_CAPTURE_AUTORELEASING = YES;
				CLANG_WARN_BOOL_CONVERSION = YES;
				CLANG_WARN_COMMA = YES;
				CLANG_WARN_CONSTANT_CONVERSION = YES;
				CLANG_WARN_DEPRECATED_OBJC_IMPLEMENTATIONS = YES;
				CLANG_WARN_DIRECT_OBJC_ISA_USAGE = YES_ERROR;
				CLANG_WARN_DOCUMENTATION_COMMENTS = YES;
				CLANG_WARN_EMPTY_BODY = YES;
				CLANG_WARN_ENUM_CONVERSION = YES;
				CLANG_WARN_INFINITE_RECURSION = YES;
				CLANG_WARN_INT_CONVERSION = YES;
				CLANG_WARN_NON_LITERAL_NULL_CONVERSION = YES;
				CLANG_WARN_OBJC_IMPLICIT_RETAIN_SELF = YES;
				CLANG_WARN_OBJC_LITERAL_CONVERSION = YES;
				CLANG_WARN_OBJC_ROOT_CLASS = YES_ERROR;
				CLANG_WARN_QUOTED_INCLUDE_IN_FRAMEWORK_HEADER = YES;
				CLANG_WARN_RANGE_LOOP_ANALYSIS = YES;
				CLANG_WARN_STRICT_PROTOTYPES = YES;
				CLANG_WARN_SUSPICIOUS_MOVE = YES;
				CLANG_WARN_UNGUARDED_AVAILABILITY = YES_AGGRESSIVE;
				CLANG_WARN_UNREACHABLE_CODE = YES;
				CLANG_WARN__DUPLICATE_METHOD_MATCH = YES;
				COPY_PHASE_STRIP = NO;
				DEBUG_INFORMATION_FORMAT = "dwarf-with-dsym";
				ENABLE_NS_ASSERTIONS = NO;
				ENABLE_STRICT_OBJC_MSGSEND = YES;
				GCC_C_LANGUAGE_STANDARD = gnu11;
				GCC_NO_COMMON_BLOCKS = YES;
				GCC_WARN_64_TO_32_BIT_CONVERSION = YES;
				GCC_WARN_ABOUT_RETURN_TYPE = YES_ERROR;
				GCC_WARN_UNDECLARED_SELECTOR = YES;
				GCC_WARN_UNINITIALIZED_AUTOS = YES_AGGRESSIVE;
				GCC_WARN_UNUSED_FUNCTION = YES;
				GCC_WARN_UNUSED_VARIABLE = YES;
				IPHONEOS_DEPLOYMENT_TARGET = 15.4;
				MTL_ENABLE_DEBUG_INFO = NO;
				MTL_FAST_MATH = YES;
				SDKROOT = iphoneos;
				SWIFT_COMPILATION_MODE = wholemodule;
				SWIFT_OPTIMIZATION_LEVEL = "-O";
				VALIDATE_PRODUCT = YES;
			};
			name = Release;
		};
		2388C18828324EDE00DFADAB /* Debug */ = {
			isa = XCBuildConfiguration;
			baseConfigurationReference = E98C54E686866054A58EE0B7 /* Pods-AssessmentMobileEngineer.debug.xcconfig */;
			buildSettings = {
				ASSETCATALOG_COMPILER_APPICON_NAME = AppIcon;
				ASSETCATALOG_COMPILER_GLOBAL_ACCENT_COLOR_NAME = AccentColor;
				CODE_SIGN_STYLE = Automatic;
				CURRENT_PROJECT_VERSION = 1;
				DEVELOPMENT_ASSET_PATHS = "\"AssessmentMobileEngineer/Preview Content\"";
				DEVELOPMENT_TEAM = R276PCR378;
				ENABLE_PREVIEWS = YES;
				GENERATE_INFOPLIST_FILE = YES;
				INFOPLIST_KEY_UIApplicationSceneManifest_Generation = YES;
				INFOPLIST_KEY_UIApplicationSupportsIndirectInputEvents = YES;
				INFOPLIST_KEY_UILaunchScreen_Generation = YES;
				INFOPLIST_KEY_UISupportedInterfaceOrientations_iPad = "UIInterfaceOrientationPortrait UIInterfaceOrientationPortraitUpsideDown UIInterfaceOrientationLandscapeLeft UIInterfaceOrientationLandscapeRight";
				INFOPLIST_KEY_UISupportedInterfaceOrientations_iPhone = "UIInterfaceOrientationPortrait UIInterfaceOrientationLandscapeLeft UIInterfaceOrientationLandscapeRight";
				LD_RUNPATH_SEARCH_PATHS = (
					"$(inherited)",
					"@executable_path/Frameworks",
				);
				MARKETING_VERSION = 1.0;
				PRODUCT_BUNDLE_IDENTIFIER = sabit.AssessmentMobileEngineer;
				PRODUCT_NAME = "$(TARGET_NAME)";
				SWIFT_EMIT_LOC_STRINGS = YES;
				SWIFT_VERSION = 5.0;
				TARGETED_DEVICE_FAMILY = "1,2";
			};
			name = Debug;
		};
		2388C18928324EDE00DFADAB /* Release */ = {
			isa = XCBuildConfiguration;
			baseConfigurationReference = BC1A3D1022217C62D3B78242 /* Pods-AssessmentMobileEngineer.release.xcconfig */;
			buildSettings = {
				ASSETCATALOG_COMPILER_APPICON_NAME = AppIcon;
				ASSETCATALOG_COMPILER_GLOBAL_ACCENT_COLOR_NAME = AccentColor;
				CODE_SIGN_STYLE = Automatic;
				CURRENT_PROJECT_VERSION = 1;
				DEVELOPMENT_ASSET_PATHS = "\"AssessmentMobileEngineer/Preview Content\"";
				DEVELOPMENT_TEAM = R276PCR378;
				ENABLE_PREVIEWS = YES;
				GENERATE_INFOPLIST_FILE = YES;
				INFOPLIST_KEY_UIApplicationSceneManifest_Generation = YES;
				INFOPLIST_KEY_UIApplicationSupportsIndirectInputEvents = YES;
				INFOPLIST_KEY_UILaunchScreen_Generation = YES;
				INFOPLIST_KEY_UISupportedInterfaceOrientations_iPad = "UIInterfaceOrientationPortrait UIInterfaceOrientationPortraitUpsideDown UIInterfaceOrientationLandscapeLeft UIInterfaceOrientationLandscapeRight";
				INFOPLIST_KEY_UISupportedInterfaceOrientations_iPhone = "UIInterfaceOrientationPortrait UIInterfaceOrientationLandscapeLeft UIInterfaceOrientationLandscapeRight";
				LD_RUNPATH_SEARCH_PATHS = (
					"$(inherited)",
					"@executable_path/Frameworks",
				);
				MARKETING_VERSION = 1.0;
				PRODUCT_BUNDLE_IDENTIFIER = sabit.AssessmentMobileEngineer;
				PRODUCT_NAME = "$(TARGET_NAME)";
				SWIFT_EMIT_LOC_STRINGS = YES;
				SWIFT_VERSION = 5.0;
				TARGETED_DEVICE_FAMILY = "1,2";
			};
			name = Release;
		};
/* End XCBuildConfiguration section */

/* Begin XCConfigurationList section */
		2388C17428324EDD00DFADAB /* Build configuration list for PBXProject "AssessmentMobileEngineer" */ = {
			isa = XCConfigurationList;
			buildConfigurations = (
				2388C18528324EDE00DFADAB /* Debug */,
				2388C18628324EDE00DFADAB /* Release */,
			);
			defaultConfigurationIsVisible = 0;
			defaultConfigurationName = Release;
		};
		2388C18728324EDE00DFADAB /* Build configuration list for PBXNativeTarget "AssessmentMobileEngineer" */ = {
			isa = XCConfigurationList;
			buildConfigurations = (
				2388C18828324EDE00DFADAB /* Debug */,
				2388C18928324EDE00DFADAB /* Release */,
			);
			defaultConfigurationIsVisible = 0;
			defaultConfigurationName = Release;
		};
/* End XCConfigurationList section */
	};
	rootObject = 2388C17128324EDD00DFADAB /* Project object */;
}
